
Microsoft Visual Studio Solution File, Format Version 12.00
# Visual Studio Version 17
VisualStudioVersion = 17.6.33927.249
MinimumVisualStudioVersion = 10.0.40219.1
Project("{9A19103F-16F7-4668-BE54-9A1E7A4F7556}") = "NLayer.Core", "NLayer.Core\NLayer.Core.csproj", "{FC887010-BBC3-487A-B0BC-1C2273AFE9DC}"
EndProject
Project("{9A19103F-16F7-4668-BE54-9A1E7A4F7556}") = "NLayer.Repository", "NLayerRepository\NLayer.Repository.csproj", "{1FDBD594-6554-4B0D-AFA2-9A394B0CF7B2}"
EndProject
Project("{9A19103F-16F7-4668-BE54-9A1E7A4F7556}") = "NLayer.Service", "NLayer.Service\NLayer.Service.csproj", "{925F9E4C-C67F-4AA7-8328-94FCFB815F2D}"
EndProject
Project("{9A19103F-16F7-4668-BE54-9A1E7A4F7556}") = "NLayer.API", "NLayer.API\NLayer.API.csproj", "{1FC9DAB8-B4C9-4751-AE50-8A0A58BE7FB1}"
EndProject
Project("{9A19103F-16F7-4668-BE54-9A1E7A4F7556}") = "NLayer.Web", "NLayer.Web\NLayer.Web.csproj", "{7AF989AE-9665-4728-AB7B-3FA40A7EF347}"
EndProject
Project("{9A19103F-16F7-4668-BE54-9A1E7A4F7556}") = "NLayer.Caching", "NLayer.Caching\NLayer.Caching.csproj", "{1BDAB80A-7D30-474E-9D61-8B2CE6D5E751}"
EndProject
Global
	GlobalSection(SolutionConfigurationPlatforms) = preSolution
		Debug|Any CPU = Debug|Any CPU
		Release|Any CPU = Release|Any CPU
	EndGlobalSection
	GlobalSection(ProjectConfigurationPlatforms) = postSolution
		{FC887010-BBC3-487A-B0BC-1C2273AFE9DC}.Debug|Any CPU.ActiveCfg = Debug|Any CPU
		{FC887010-BBC3-487A-B0BC-1C2273AFE9DC}.Debug|Any CPU.Build.0 = Debug|Any CPU
		{FC887010-BBC3-487A-B0BC-1C2273AFE9DC}.Release|Any CPU.ActiveCfg = Release|Any CPU
		{FC887010-BBC3-487A-B0BC-1C2273AFE9DC}.Release|Any CPU.Build.0 = Release|Any CPU
		{1FDBD594-6554-4B0D-AFA2-9A394B0CF7B2}.Debug|Any CPU.ActiveCfg = Debug|Any CPU
		{1FDBD594-6554-4B0D-AFA2-9A394B0CF7B2}.Debug|Any CPU.Build.0 = Debug|Any CPU
		{1FDBD594-6554-4B0D-AFA2-9A394B0CF7B2}.Release|Any CPU.ActiveCfg = Release|Any CPU
		{1FDBD594-6554-4B0D-AFA2-9A394B0CF7B2}.Release|Any CPU.Build.0 = Release|Any CPU
		{925F9E4C-C67F-4AA7-8328-94FCFB815F2D}.Debug|Any CPU.ActiveCfg = Debug|Any CPU
		{925F9E4C-C67F-4AA7-8328-94FCFB815F2D}.Debug|Any CPU.Build.0 = Debug|Any CPU
		{925F9E4C-C67F-4AA7-8328-94FCFB815F2D}.Release|Any CPU.ActiveCfg = Release|Any CPU
		{925F9E4C-C67F-4AA7-8328-94FCFB815F2D}.Release|Any CPU.Build.0 = Release|Any CPU
		{1FC9DAB8-B4C9-4751-AE50-8A0A58BE7FB1}.Debug|Any CPU.ActiveCfg = Debug|Any CPU
		{1FC9DAB8-B4C9-4751-AE50-8A0A58BE7FB1}.Debug|Any CPU.Build.0 = Debug|Any CPU
		{1FC9DAB8-B4C9-4751-AE50-8A0A58BE7FB1}.Release|Any CPU.ActiveCfg = Release|Any CPU
		{1FC9DAB8-B4C9-4751-AE50-8A0A58BE7FB1}.Release|Any CPU.Build.0 = Release|Any CPU
		{7AF989AE-9665-4728-AB7B-3FA40A7EF347}.Debug|Any CPU.ActiveCfg = Debug|Any CPU
		{7AF989AE-9665-4728-AB7B-3FA40A7EF347}.Debug|Any CPU.Build.0 = Debug|Any CPU
		{7AF989AE-9665-4728-AB7B-3FA40A7EF347}.Release|Any CPU.ActiveCfg = Release|Any CPU
		{7AF989AE-9665-4728-AB7B-3FA40A7EF347}.Release|Any CPU.Build.0 = Release|Any CPU
		{1BDAB80A-7D30-474E-9D61-8B2CE6D5E751}.Debug|Any CPU.ActiveCfg = Debug|Any CPU
		{1BDAB80A-7D30-474E-9D61-8B2CE6D5E751}.Debug|Any CPU.Build.0 = Debug|Any CPU
		{1BDAB80A-7D30-474E-9D61-8B2CE6D5E751}.Release|Any CPU.ActiveCfg = Release|Any CPU
		{1BDAB80A-7D30-474E-9D61-8B2CE6D5E751}.Release|Any CPU.Build.0 = Release|Any CPU
	EndGlobalSection
	GlobalSection(SolutionProperties) = preSolution
		HideSolutionNode = FALSE
	EndGlobalSection
	GlobalSection(ExtensibilityGlobals) = postSolution
		SolutionGuid = {E71A02DB-9108-4CCD-9B8D-7861F8B46783}
	EndGlobalSection
EndGlobal
